PODS:
  - Google-Mobile-Ads-SDK (7.37.0)

DEPENDENCIES:
  - Google-Mobile-Ads-SDK

SPEC REPOS:
  https://github.com/cocoapods/specs.git:
    - Google-Mobile-Ads-SDK

SPEC CHECKSUMS:
  Google-Mobile-Ads-SDK: d028682d7450749a1955679da050eaf70d997b3e

PODFILE CHECKSUM: 060fc18d02b99d8622226c28706a65f0327871f6

COCOAPODS: 1.5.3
